
Microsoft Visual Studio Solution File, Format Version 12.00
# Visual Studio Version 16
VisualStudioVersion = 16.0.29102.190
MinimumVisualStudioVersion = 10.0.40219.1
Project("{FAE04EC0-301F-11D3-BF4B-00C04F79EFBC}") = "SyntaxTreeAnalyzerTest", "SyntaxTreeAnalyzerTest\SyntaxTreeAnalyzerTest.csproj", "{2B181BF0-9B01-413D-8DB3-781C164C115F}"
EndProject
Global
	GlobalSection(SolutionConfigurationPlatforms) = preSolution
		Debug|Any CPU = Debug|Any CPU
		Release|Any CPU = Release|Any CPU
	EndGlobalSection
	GlobalSection(ProjectConfigurationPlatforms) = postSolution
		{2B181BF0-9B01-413D-8DB3-781C164C115F}.Debug|Any CPU.ActiveCfg = Debug|Any CPU
		{2B181BF0-9B01-413D-8DB3-781C164C115F}.Debug|Any CPU.Build.0 = Debug|Any CPU
		{2B181BF0-9B01-413D-8DB3-781C164C115F}.Release|Any CPU.ActiveCfg = Release|Any CPU
		{2B181BF0-9B01-413D-8DB3-781C164C115F}.Release|Any CPU.Build.0 = Release|Any CPU
	EndGlobalSection
	GlobalSection(SolutionProperties) = preSolution
		HideSolutionNode = FALSE
	EndGlobalSection
	GlobalSection(ExtensibilityGlobals) = postSolution
		SolutionGuid = {EB4550B7-BF9E-48A9-8D99-7597E2A87A73}
	EndGlobalSection
	GlobalSection(MonoDevelopProperties) = preSolution
		Policies = $0
		$0.DotNetNamingPolicy = $1
		$1.DirectoryNamespaceAssociation = PrefixedHierarchical
		$0.StandardHeader = $2
		$0.VersionControlPolicy = $3
	EndGlobalSection
EndGlobal
